
Microsoft Visual Studio Solution File, Format Version 12.00
# Visual Studio 14
VisualStudioVersion = 14.0.25123.0
MinimumVisualStudioVersion = 10.0.40219.1
Project("{8BB2217D-0F2D-49D1-97BC-3654ED321F3B}") = "DoTheMath.Linear", "src\DoTheMath.Linear\DoTheMath.Linear.xproj", "{93F341D0-67FA-4B1A-B141-DD0352BD8160}"
EndProject
Project("{2150E333-8FDC-42A3-9474-1A3956D46DE8}") = "src", "src", "{D7678475-6FA5-4E1C-8321-9B4DB69881B5}"
EndProject
Project("{2150E333-8FDC-42A3-9474-1A3956D46DE8}") = "Solution Items", "Solution Items", "{8456EEC2-2257-49E9-8415-94BB935B3EE8}"
	ProjectSection(SolutionItems) = preProject
		SharedAssemblyInfo.cs = SharedAssemblyInfo.cs
	EndProjectSection
EndProject
Project("{2150E333-8FDC-42A3-9474-1A3956D46DE8}") = "test", "test", "{463C73A9-9B73-48C1-857C-56A5A3EC8E3D}"
EndProject
Project("{FAE04EC0-301F-11D3-BF4B-00C04F79EFBC}") = "DoTheMath.Linear.Tests", "test\DoTheMath.Linear.Tests\DoTheMath.Linear.Tests.csproj", "{D11DB182-5A65-4651-9067-CDE625600462}"
	ProjectSection(ProjectDependencies) = postProject
		{93F341D0-67FA-4B1A-B141-DD0352BD8160} = {93F341D0-67FA-4B1A-B141-DD0352BD8160}
	EndProjectSection
EndProject
Global
	GlobalSection(SolutionConfigurationPlatforms) = preSolution
		Debug|Any CPU = Debug|Any CPU
		Release|Any CPU = Release|Any CPU
	EndGlobalSection
	GlobalSection(ProjectConfigurationPlatforms) = postSolution
		{93F341D0-67FA-4B1A-B141-DD0352BD8160}.Debug|Any CPU.ActiveCfg = Debug|Any CPU
		{93F341D0-67FA-4B1A-B141-DD0352BD8160}.Debug|Any CPU.Build.0 = Debug|Any CPU
		{93F341D0-67FA-4B1A-B141-DD0352BD8160}.Release|Any CPU.ActiveCfg = Release|Any CPU
		{93F341D0-67FA-4B1A-B141-DD0352BD8160}.Release|Any CPU.Build.0 = Release|Any CPU
		{D11DB182-5A65-4651-9067-CDE625600462}.Debug|Any CPU.ActiveCfg = Debug|Any CPU
		{D11DB182-5A65-4651-9067-CDE625600462}.Debug|Any CPU.Build.0 = Debug|Any CPU
		{D11DB182-5A65-4651-9067-CDE625600462}.Release|Any CPU.ActiveCfg = Release|Any CPU
		{D11DB182-5A65-4651-9067-CDE625600462}.Release|Any CPU.Build.0 = Release|Any CPU
	EndGlobalSection
	GlobalSection(SolutionProperties) = preSolution
		HideSolutionNode = FALSE
	EndGlobalSection
	GlobalSection(NestedProjects) = preSolution
		{93F341D0-67FA-4B1A-B141-DD0352BD8160} = {D7678475-6FA5-4E1C-8321-9B4DB69881B5}
		{D11DB182-5A65-4651-9067-CDE625600462} = {463C73A9-9B73-48C1-857C-56A5A3EC8E3D}
	EndGlobalSection
EndGlobal
